// !$*UTF8*$!
{
	archiveVersion = 1;
	classes = {
	};
	objectVersion = 50;
	objects = {

/* Begin PBXBuildFile section */
		90A0B6624D6CF988258EF6E4 /* Pods_SurveyFramework.framework in Frameworks */ = {isa = PBXBuildFile; fileRef = E5FD7C411DCF465115A66891 /* Pods_SurveyFramework.framework */; };
		DF3E97F82675D401004FA3AE /* LoginService.swift in Sources */ = {isa = PBXBuildFile; fileRef = DF3E97F72675D401004FA3AE /* LoginService.swift */; };
		DF3E98002675DCF2004FA3AE /* SurveyLoader.swift in Sources */ = {isa = PBXBuildFile; fileRef = DF3E97FF2675DCF2004FA3AE /* SurveyLoader.swift */; };
		DF3E982D267610E2004FA3AE /* Token+FactoryMethods.swift in Sources */ = {isa = PBXBuildFile; fileRef = DF3E982C267610E2004FA3AE /* Token+FactoryMethods.swift */; };
		DFEC162F26723F33008990FB /* SurveyFramework.framework in Frameworks */ = {isa = PBXBuildFile; fileRef = DFEC162526723F33008990FB /* SurveyFramework.framework */; };
		DFEC164026723FFF008990FB /* Token.swift in Sources */ = {isa = PBXBuildFile; fileRef = DFEC163F26723FFF008990FB /* Token.swift */; };
		DFEC16422672405B008990FB /* LoginUseCaseTests.swift in Sources */ = {isa = PBXBuildFile; fileRef = DFEC16412672405B008990FB /* LoginUseCaseTests.swift */; };
		DFEC164426724958008990FB /* RemoteLoginService.swift in Sources */ = {isa = PBXBuildFile; fileRef = DFEC164326724958008990FB /* RemoteLoginService.swift */; };
		DFEC164626724A03008990FB /* HTTPClient.swift in Sources */ = {isa = PBXBuildFile; fileRef = DFEC164526724A03008990FB /* HTTPClient.swift */; };
		DFEC164826724A1F008990FB /* Credentials.swift in Sources */ = {isa = PBXBuildFile; fileRef = DFEC164726724A1F008990FB /* Credentials.swift */; };
		DFEC164A26725E0D008990FB /* RemoteLoginMappers.swift in Sources */ = {isa = PBXBuildFile; fileRef = DFEC164926725E0D008990FB /* RemoteLoginMappers.swift */; };
		DFEC164F2672631D008990FB /* KeychainTokenStoreTests.swift in Sources */ = {isa = PBXBuildFile; fileRef = DFEC164E2672631D008990FB /* KeychainTokenStoreTests.swift */; };
		DFEC1651267263D8008990FB /* XCTestCase+TrackingMemoryLeaks.swift in Sources */ = {isa = PBXBuildFile; fileRef = DFEC1650267263D8008990FB /* XCTestCase+TrackingMemoryLeaks.swift */; };
		DFEC16552672664A008990FB /* KeychainTokenStore.swift in Sources */ = {isa = PBXBuildFile; fileRef = DFEC16542672664A008990FB /* KeychainTokenStore.swift */; };
		DFEC16572672668D008990FB /* TestHelpers.swift in Sources */ = {isa = PBXBuildFile; fileRef = DFEC16562672668D008990FB /* TestHelpers.swift */; };
		DFEC165926726850008990FB /* TokenLoader.swift in Sources */ = {isa = PBXBuildFile; fileRef = DFEC165826726850008990FB /* TokenLoader.swift */; };
		DFEC165B26726883008990FB /* TokenSaver.swift in Sources */ = {isa = PBXBuildFile; fileRef = DFEC165A26726883008990FB /* TokenSaver.swift */; };
		DFEC165E26726AE6008990FB /* Survey.swift in Sources */ = {isa = PBXBuildFile; fileRef = DFEC165D26726AE6008990FB /* Survey.swift */; };
		DFEC166026726B16008990FB /* LoadSurveysFromRemoteUseCaseTests.swift in Sources */ = {isa = PBXBuildFile; fileRef = DFEC165F26726B16008990FB /* LoadSurveysFromRemoteUseCaseTests.swift */; };
		DFEC166326726BC5008990FB /* HTTPClientSpy.swift in Sources */ = {isa = PBXBuildFile; fileRef = DFEC166226726BC5008990FB /* HTTPClientSpy.swift */; };
		DFEC16652672ED84008990FB /* RemoteSurveysLoader.swift in Sources */ = {isa = PBXBuildFile; fileRef = DFEC16642672ED84008990FB /* RemoteSurveysLoader.swift */; };
		DFEC16672672EED3008990FB /* RemoteSurveysMappers.swift in Sources */ = {isa = PBXBuildFile; fileRef = DFEC16662672EED3008990FB /* RemoteSurveysMappers.swift */; };
		DFEC166A2672EFB6008990FB /* HTTPURLResponse+StatusCode.swift in Sources */ = {isa = PBXBuildFile; fileRef = DFEC16692672EFB6008990FB /* HTTPURLResponse+StatusCode.swift */; };
		DFEC166C2672F0E9008990FB /* TestHelperMethods.swift in Sources */ = {isa = PBXBuildFile; fileRef = DFEC166B2672F0E8008990FB /* TestHelperMethods.swift */; };
		DFEC16722672F443008990FB /* LoadTokenFromRemoteUseCaseTests.swift in Sources */ = {isa = PBXBuildFile; fileRef = DFEC16712672F443008990FB /* LoadTokenFromRemoteUseCaseTests.swift */; };
		DFEC16742672F4C9008990FB /* RemoteTokenLoader.swift in Sources */ = {isa = PBXBuildFile; fileRef = DFEC16732672F4C9008990FB /* RemoteTokenLoader.swift */; };
		DFEC16762672F7FA008990FB /* RemoteTokenMappers.swift in Sources */ = {isa = PBXBuildFile; fileRef = DFEC16752672F7FA008990FB /* RemoteTokenMappers.swift */; };
		DFEC16782672F90F008990FB /* RemoteToken.swift in Sources */ = {isa = PBXBuildFile; fileRef = DFEC16772672F90F008990FB /* RemoteToken.swift */; };
/* End PBXBuildFile section */

/* Begin PBXContainerItemProxy section */
		DFEC163026723F33008990FB /* PBXContainerItemProxy */ = {
			isa = PBXContainerItemProxy;
			containerPortal = DFEC161C26723F33008990FB /* Project object */;
			proxyType = 1;
			remoteGlobalIDString = DFEC162426723F33008990FB;
			remoteInfo = SurveyFramework;
		};
/* End PBXContainerItemProxy section */

/* Begin PBXFileReference section */
		5B1457FBF92197305C333795 /* Pods-SurveyFramework.debug.xcconfig */ = {isa = PBXFileReference; includeInIndex = 1; lastKnownFileType = text.xcconfig; name = "Pods-SurveyFramework.debug.xcconfig"; path = "Target Support Files/Pods-SurveyFramework/Pods-SurveyFramework.debug.xcconfig"; sourceTree = "<group>"; };
		C45FC90E3D339BD850D5D3A0 /* Pods-SurveyFramework.release.xcconfig */ = {isa = PBXFileReference; includeInIndex = 1; lastKnownFileType = text.xcconfig; name = "Pods-SurveyFramework.release.xcconfig"; path = "Target Support Files/Pods-SurveyFramework/Pods-SurveyFramework.release.xcconfig"; sourceTree = "<group>"; };
		DF3E97F72675D401004FA3AE /* LoginService.swift */ = {isa = PBXFileReference; lastKnownFileType = sourcecode.swift; path = LoginService.swift; sourceTree = "<group>"; };
		DF3E97FF2675DCF2004FA3AE /* SurveyLoader.swift */ = {isa = PBXFileReference; lastKnownFileType = sourcecode.swift; path = SurveyLoader.swift; sourceTree = "<group>"; };
		DF3E982C267610E2004FA3AE /* Token+FactoryMethods.swift */ = {isa = PBXFileReference; lastKnownFileType = sourcecode.swift; path = "Token+FactoryMethods.swift"; sourceTree = "<group>"; };
		DFEC162526723F33008990FB /* SurveyFramework.framework */ = {isa = PBXFileReference; explicitFileType = wrapper.framework; includeInIndex = 0; path = SurveyFramework.framework; sourceTree = BUILT_PRODUCTS_DIR; };
		DFEC162926723F33008990FB /* Info.plist */ = {isa = PBXFileReference; lastKnownFileType = text.plist.xml; path = Info.plist; sourceTree = "<group>"; };
		DFEC162E26723F33008990FB /* SurveyFrameworkTests.xctest */ = {isa = PBXFileReference; explicitFileType = wrapper.cfbundle; includeInIndex = 0; path = SurveyFrameworkTests.xctest; sourceTree = BUILT_PRODUCTS_DIR; };
		DFEC163526723F33008990FB /* Info.plist */ = {isa = PBXFileReference; lastKnownFileType = text.plist.xml; path = Info.plist; sourceTree = "<group>"; };
		DFEC163F26723FFF008990FB /* Token.swift */ = {isa = PBXFileReference; lastKnownFileType = sourcecode.swift; path = Token.swift; sourceTree = "<group>"; };
		DFEC16412672405B008990FB /* LoginUseCaseTests.swift */ = {isa = PBXFileReference; lastKnownFileType = sourcecode.swift; path = LoginUseCaseTests.swift; sourceTree = "<group>"; };
		DFEC164326724958008990FB /* RemoteLoginService.swift */ = {isa = PBXFileReference; lastKnownFileType = sourcecode.swift; path = RemoteLoginService.swift; sourceTree = "<group>"; };
		DFEC164526724A03008990FB /* HTTPClient.swift */ = {isa = PBXFileReference; lastKnownFileType = sourcecode.swift; path = HTTPClient.swift; sourceTree = "<group>"; };
		DFEC164726724A1F008990FB /* Credentials.swift */ = {isa = PBXFileReference; lastKnownFileType = sourcecode.swift; path = Credentials.swift; sourceTree = "<group>"; };
		DFEC164926725E0D008990FB /* RemoteLoginMappers.swift */ = {isa = PBXFileReference; lastKnownFileType = sourcecode.swift; path = RemoteLoginMappers.swift; sourceTree = "<group>"; };
		DFEC164E2672631D008990FB /* KeychainTokenStoreTests.swift */ = {isa = PBXFileReference; lastKnownFileType = sourcecode.swift; path = KeychainTokenStoreTests.swift; sourceTree = "<group>"; };
		DFEC1650267263D8008990FB /* XCTestCase+TrackingMemoryLeaks.swift */ = {isa = PBXFileReference; lastKnownFileType = sourcecode.swift; path = "XCTestCase+TrackingMemoryLeaks.swift"; sourceTree = "<group>"; };
		DFEC16542672664A008990FB /* KeychainTokenStore.swift */ = {isa = PBXFileReference; lastKnownFileType = sourcecode.swift; path = KeychainTokenStore.swift; sourceTree = "<group>"; };
		DFEC16562672668D008990FB /* TestHelpers.swift */ = {isa = PBXFileReference; lastKnownFileType = sourcecode.swift; path = TestHelpers.swift; sourceTree = "<group>"; };
		DFEC165826726850008990FB /* TokenLoader.swift */ = {isa = PBXFileReference; lastKnownFileType = sourcecode.swift; path = TokenLoader.swift; sourceTree = "<group>"; };
		DFEC165A26726883008990FB /* TokenSaver.swift */ = {isa = PBXFileReference; lastKnownFileType = sourcecode.swift; path = TokenSaver.swift; sourceTree = "<group>"; };
		DFEC165D26726AE6008990FB /* Survey.swift */ = {isa = PBXFileReference; lastKnownFileType = sourcecode.swift; path = Survey.swift; sourceTree = "<group>"; };
		DFEC165F26726B16008990FB /* LoadSurveysFromRemoteUseCaseTests.swift */ = {isa = PBXFileReference; lastKnownFileType = sourcecode.swift; path = LoadSurveysFromRemoteUseCaseTests.swift; sourceTree = "<group>"; };
		DFEC166226726BC5008990FB /* HTTPClientSpy.swift */ = {isa = PBXFileReference; lastKnownFileType = sourcecode.swift; path = HTTPClientSpy.swift; sourceTree = "<group>"; };
		DFEC16642672ED84008990FB /* RemoteSurveysLoader.swift */ = {isa = PBXFileReference; lastKnownFileType = sourcecode.swift; path = RemoteSurveysLoader.swift; sourceTree = "<group>"; };
		DFEC16662672EED3008990FB /* RemoteSurveysMappers.swift */ = {isa = PBXFileReference; lastKnownFileType = sourcecode.swift; path = RemoteSurveysMappers.swift; sourceTree = "<group>"; };
		DFEC16692672EFB6008990FB /* HTTPURLResponse+StatusCode.swift */ = {isa = PBXFileReference; lastKnownFileType = sourcecode.swift; path = "HTTPURLResponse+StatusCode.swift"; sourceTree = "<group>"; };
		DFEC166B2672F0E8008990FB /* TestHelperMethods.swift */ = {isa = PBXFileReference; lastKnownFileType = sourcecode.swift; path = TestHelperMethods.swift; sourceTree = "<group>"; };
		DFEC16712672F443008990FB /* LoadTokenFromRemoteUseCaseTests.swift */ = {isa = PBXFileReference; lastKnownFileType = sourcecode.swift; path = LoadTokenFromRemoteUseCaseTests.swift; sourceTree = "<group>"; };
		DFEC16732672F4C9008990FB /* RemoteTokenLoader.swift */ = {isa = PBXFileReference; lastKnownFileType = sourcecode.swift; path = RemoteTokenLoader.swift; sourceTree = "<group>"; };
		DFEC16752672F7FA008990FB /* RemoteTokenMappers.swift */ = {isa = PBXFileReference; lastKnownFileType = sourcecode.swift; path = RemoteTokenMappers.swift; sourceTree = "<group>"; };
		DFEC16772672F90F008990FB /* RemoteToken.swift */ = {isa = PBXFileReference; lastKnownFileType = sourcecode.swift; path = RemoteToken.swift; sourceTree = "<group>"; };
		E5FD7C411DCF465115A66891 /* Pods_SurveyFramework.framework */ = {isa = PBXFileReference; explicitFileType = wrapper.framework; includeInIndex = 0; path = Pods_SurveyFramework.framework; sourceTree = BUILT_PRODUCTS_DIR; };
/* End PBXFileReference section */

/* Begin PBXFrameworksBuildPhase section */
		DFEC162226723F33008990FB /* Frameworks */ = {
			isa = PBXFrameworksBuildPhase;
			buildActionMask = 2147483647;
			files = (
				90A0B6624D6CF988258EF6E4 /* Pods_SurveyFramework.framework in Frameworks */,
			);
			runOnlyForDeploymentPostprocessing = 0;
		};
		DFEC162B26723F33008990FB /* Frameworks */ = {
			isa = PBXFrameworksBuildPhase;
			buildActionMask = 2147483647;
			files = (
				DFEC162F26723F33008990FB /* SurveyFramework.framework in Frameworks */,
			);
			runOnlyForDeploymentPostprocessing = 0;
		};
/* End PBXFrameworksBuildPhase section */

/* Begin PBXGroup section */
		D61592924D35B67886CD7B45 /* Frameworks */ = {
			isa = PBXGroup;
			children = (
				E5FD7C411DCF465115A66891 /* Pods_SurveyFramework.framework */,
			);
			name = Frameworks;
			sourceTree = "<group>";
		};
		DFEC161B26723F33008990FB = {
			isa = PBXGroup;
			children = (
				DFEC162726723F33008990FB /* SurveyFramework */,
				DFEC163226723F33008990FB /* SurveyFrameworkTests */,
				DFEC162626723F33008990FB /* Products */,
				EA0AB9F5EC9E866052D130DC /* Pods */,
				D61592924D35B67886CD7B45 /* Frameworks */,
			);
			sourceTree = "<group>";
		};
		DFEC162626723F33008990FB /* Products */ = {
			isa = PBXGroup;
			children = (
				DFEC162526723F33008990FB /* SurveyFramework.framework */,
				DFEC162E26723F33008990FB /* SurveyFrameworkTests.xctest */,
			);
			name = Products;
			sourceTree = "<group>";
		};
		DFEC162726723F33008990FB /* SurveyFramework */ = {
			isa = PBXGroup;
			children = (
				DFEC164B26725F8A008990FB /* Feature */,
				DFEC164C26725F9E008990FB /* API */,
				DFEC165326726643008990FB /* Local */,
				DFEC162926723F33008990FB /* Info.plist */,
			);
			path = SurveyFramework;
			sourceTree = "<group>";
		};
		DFEC163226723F33008990FB /* SurveyFrameworkTests */ = {
			isa = PBXGroup;
			children = (
				DFEC1652267263DE008990FB /* Helpers */,
				DFEC164D26725FA5008990FB /* API */,
				DFEC165C267268FB008990FB /* Local */,
				DFEC163526723F33008990FB /* Info.plist */,
			);
			path = SurveyFrameworkTests;
			sourceTree = "<group>";
		};
		DFEC164B26725F8A008990FB /* Feature */ = {
			isa = PBXGroup;
			children = (
				DFEC163F26723FFF008990FB /* Token.swift */,
				DFEC164726724A1F008990FB /* Credentials.swift */,
				DFEC165D26726AE6008990FB /* Survey.swift */,
				DF3E97F72675D401004FA3AE /* LoginService.swift */,
				DF3E97FF2675DCF2004FA3AE /* SurveyLoader.swift */,
			);
			path = Feature;
			sourceTree = "<group>";
		};
		DFEC164C26725F9E008990FB /* API */ = {
			isa = PBXGroup;
			children = (
				DFEC16792672F936008990FB /* Token */,
				DFEC166E2672F22E008990FB /* Surveys */,
				DFEC166D2672F225008990FB /* Login */,
				DFEC16682672EFA8008990FB /* Helpers */,
				DFEC164526724A03008990FB /* HTTPClient.swift */,
				DFEC16772672F90F008990FB /* RemoteToken.swift */,
			);
			path = API;
			sourceTree = "<group>";
		};
		DFEC164D26725FA5008990FB /* API */ = {
			isa = PBXGroup;
			children = (
				DFEC167A2672F949008990FB /* Token */,
				DFEC16702672F240008990FB /* Surveys */,
				DFEC166F2672F239008990FB /* Login */,
				DFEC166126726BBD008990FB /* Helpers */,
			);
			path = API;
			sourceTree = "<group>";
		};
		DFEC1652267263DE008990FB /* Helpers */ = {
			isa = PBXGroup;
			children = (
				DFEC1650267263D8008990FB /* XCTestCase+TrackingMemoryLeaks.swift */,
				DFEC16562672668D008990FB /* TestHelpers.swift */,
			);
			path = Helpers;
			sourceTree = "<group>";
		};
		DFEC165326726643008990FB /* Local */ = {
			isa = PBXGroup;
			children = (
				DFEC16542672664A008990FB /* KeychainTokenStore.swift */,
				DFEC165826726850008990FB /* TokenLoader.swift */,
				DFEC165A26726883008990FB /* TokenSaver.swift */,
			);
			path = Local;
			sourceTree = "<group>";
		};
		DFEC165C267268FB008990FB /* Local */ = {
			isa = PBXGroup;
			children = (
				DFEC164E2672631D008990FB /* KeychainTokenStoreTests.swift */,
			);
			path = Local;
			sourceTree = "<group>";
		};
		DFEC166126726BBD008990FB /* Helpers */ = {
			isa = PBXGroup;
			children = (
				DFEC166226726BC5008990FB /* HTTPClientSpy.swift */,
				DFEC166B2672F0E8008990FB /* TestHelperMethods.swift */,
				DF3E982C267610E2004FA3AE /* Token+FactoryMethods.swift */,
			);
			path = Helpers;
			sourceTree = "<group>";
		};
		DFEC16682672EFA8008990FB /* Helpers */ = {
			isa = PBXGroup;
			children = (
				DFEC16692672EFB6008990FB /* HTTPURLResponse+StatusCode.swift */,
			);
			path = Helpers;
			sourceTree = "<group>";
		};
		DFEC166D2672F225008990FB /* Login */ = {
			isa = PBXGroup;
			children = (
				DFEC164926725E0D008990FB /* RemoteLoginMappers.swift */,
				DFEC164326724958008990FB /* RemoteLoginService.swift */,
			);
			path = Login;
			sourceTree = "<group>";
		};
		DFEC166E2672F22E008990FB /* Surveys */ = {
			isa = PBXGroup;
			children = (
				DFEC16642672ED84008990FB /* RemoteSurveysLoader.swift */,
				DFEC16662672EED3008990FB /* RemoteSurveysMappers.swift */,
			);
			path = Surveys;
			sourceTree = "<group>";
		};
		DFEC166F2672F239008990FB /* Login */ = {
			isa = PBXGroup;
			children = (
				DFEC16412672405B008990FB /* LoginUseCaseTests.swift */,
			);
			path = Login;
			sourceTree = "<group>";
		};
		DFEC16702672F240008990FB /* Surveys */ = {
			isa = PBXGroup;
			children = (
				DFEC165F26726B16008990FB /* LoadSurveysFromRemoteUseCaseTests.swift */,
			);
			path = Surveys;
			sourceTree = "<group>";
		};
		DFEC16792672F936008990FB /* Token */ = {
			isa = PBXGroup;
			children = (
				DFEC16732672F4C9008990FB /* RemoteTokenLoader.swift */,
				DFEC16752672F7FA008990FB /* RemoteTokenMappers.swift */,
			);
			path = Token;
			sourceTree = "<group>";
		};
		DFEC167A2672F949008990FB /* Token */ = {
			isa = PBXGroup;
			children = (
				DFEC16712672F443008990FB /* LoadTokenFromRemoteUseCaseTests.swift */,
			);
			path = Token;
			sourceTree = "<group>";
		};
		EA0AB9F5EC9E866052D130DC /* Pods */ = {
			isa = PBXGroup;
			children = (
				5B1457FBF92197305C333795 /* Pods-SurveyFramework.debug.xcconfig */,
				C45FC90E3D339BD850D5D3A0 /* Pods-SurveyFramework.release.xcconfig */,
			);
			name = Pods;
			path = ../SurveyiOSApplication/Pods;
			sourceTree = "<group>";
		};
/* End PBXGroup section */

/* Begin PBXHeadersBuildPhase section */
		DFEC162026723F33008990FB /* Headers */ = {
			isa = PBXHeadersBuildPhase;
			buildActionMask = 2147483647;
			files = (
			);
			runOnlyForDeploymentPostprocessing = 0;
		};
/* End PBXHeadersBuildPhase section */

/* Begin PBXNativeTarget section */
		DFEC162426723F33008990FB /* SurveyFramework */ = {
			isa = PBXNativeTarget;
			buildConfigurationList = DFEC163926723F33008990FB /* Build configuration list for PBXNativeTarget "SurveyFramework" */;
			buildPhases = (
				78F2264902018D40AD2BC1F9 /* [CP] Check Pods Manifest.lock */,
				DFEC162026723F33008990FB /* Headers */,
				DFEC162126723F33008990FB /* Sources */,
				DFEC162226723F33008990FB /* Frameworks */,
				DFEC162326723F33008990FB /* Resources */,
			);
			buildRules = (
			);
			dependencies = (
			);
			name = SurveyFramework;
			productName = SurveyFramework;
			productReference = DFEC162526723F33008990FB /* SurveyFramework.framework */;
			productType = "com.apple.product-type.framework";
		};
		DFEC162D26723F33008990FB /* SurveyFrameworkTests */ = {
			isa = PBXNativeTarget;
			buildConfigurationList = DFEC163C26723F33008990FB /* Build configuration list for PBXNativeTarget "SurveyFrameworkTests" */;
			buildPhases = (
				DFEC162A26723F33008990FB /* Sources */,
				DFEC162B26723F33008990FB /* Frameworks */,
				DFEC162C26723F33008990FB /* Resources */,
			);
			buildRules = (
			);
			dependencies = (
				DFEC163126723F33008990FB /* PBXTargetDependency */,
			);
			name = SurveyFrameworkTests;
			productName = SurveyFrameworkTests;
			productReference = DFEC162E26723F33008990FB /* SurveyFrameworkTests.xctest */;
			productType = "com.apple.product-type.bundle.unit-test";
		};
/* End PBXNativeTarget section */

/* Begin PBXProject section */
		DFEC161C26723F33008990FB /* Project object */ = {
			isa = PBXProject;
			attributes = {
				LastSwiftUpdateCheck = 1250;
				LastUpgradeCheck = 1250;
				TargetAttributes = {
					DFEC162426723F33008990FB = {
						CreatedOnToolsVersion = 12.5;
						LastSwiftMigration = 1250;
					};
					DFEC162D26723F33008990FB = {
						CreatedOnToolsVersion = 12.5;
						LastSwiftMigration = 1250;
					};
				};
			};
			buildConfigurationList = DFEC161F26723F33008990FB /* Build configuration list for PBXProject "SurveyFramework" */;
			compatibilityVersion = "Xcode 9.3";
			developmentRegion = en;
			hasScannedForEncodings = 0;
			knownRegions = (
				en,
				Base,
			);
			mainGroup = DFEC161B26723F33008990FB;
			productRefGroup = DFEC162626723F33008990FB /* Products */;
			projectDirPath = "";
			projectRoot = "";
			targets = (
				DFEC162426723F33008990FB /* SurveyFramework */,
				DFEC162D26723F33008990FB /* SurveyFrameworkTests */,
			);
		};
/* End PBXProject section */

/* Begin PBXResourcesBuildPhase section */
		DFEC162326723F33008990FB /* Resources */ = {
			isa = PBXResourcesBuildPhase;
			buildActionMask = 2147483647;
			files = (
			);
			runOnlyForDeploymentPostprocessing = 0;
		};
		DFEC162C26723F33008990FB /* Resources */ = {
			isa = PBXResourcesBuildPhase;
			buildActionMask = 2147483647;
			files = (
			);
			runOnlyForDeploymentPostprocessing = 0;
		};
/* End PBXResourcesBuildPhase section */

/* Begin PBXShellScriptBuildPhase section */
		78F2264902018D40AD2BC1F9 /* [CP] Check Pods Manifest.lock */ = {
			isa = PBXShellScriptBuildPhase;
			buildActionMask = 2147483647;
			files = (
			);
			inputFileListPaths = (
			);
			inputPaths = (
				"${PODS_PODFILE_DIR_PATH}/Podfile.lock",
				"${PODS_ROOT}/Manifest.lock",
			);
			name = "[CP] Check Pods Manifest.lock";
			outputFileListPaths = (
			);
			outputPaths = (
				"$(DERIVED_FILE_DIR)/Pods-SurveyFramework-checkManifestLockResult.txt",
			);
			runOnlyForDeploymentPostprocessing = 0;
			shellPath = /bin/sh;
			shellScript = "diff \"${PODS_PODFILE_DIR_PATH}/Podfile.lock\" \"${PODS_ROOT}/Manifest.lock\" > /dev/null\nif [ $? != 0 ] ; then\n    # print error to STDERR\n    echo \"error: The sandbox is not in sync with the Podfile.lock. Run 'pod install' or update your CocoaPods installation.\" >&2\n    exit 1\nfi\n# This output is used by Xcode 'outputs' to avoid re-running this script phase.\necho \"SUCCESS\" > \"${SCRIPT_OUTPUT_FILE_0}\"\n";
			showEnvVarsInLog = 0;
		};
/* End PBXShellScriptBuildPhase section */

/* Begin PBXSourcesBuildPhase section */
		DFEC162126723F33008990FB /* Sources */ = {
			isa = PBXSourcesBuildPhase;
			buildActionMask = 2147483647;
			files = (
				DFEC16652672ED84008990FB /* RemoteSurveysLoader.swift in Sources */,
				DFEC165E26726AE6008990FB /* Survey.swift in Sources */,
				DFEC164026723FFF008990FB /* Token.swift in Sources */,
				DFEC164426724958008990FB /* RemoteLoginService.swift in Sources */,
				DFEC164826724A1F008990FB /* Credentials.swift in Sources */,
				DFEC164626724A03008990FB /* HTTPClient.swift in Sources */,
				DFEC164A26725E0D008990FB /* RemoteLoginMappers.swift in Sources */,
				DF3E97F82675D401004FA3AE /* LoginService.swift in Sources */,
				DFEC165B26726883008990FB /* TokenSaver.swift in Sources */,
				DFEC16762672F7FA008990FB /* RemoteTokenMappers.swift in Sources */,
				DFEC165926726850008990FB /* TokenLoader.swift in Sources */,
				DFEC16782672F90F008990FB /* RemoteToken.swift in Sources */,
				DFEC16672672EED3008990FB /* RemoteSurveysMappers.swift in Sources */,
				DF3E98002675DCF2004FA3AE /* SurveyLoader.swift in Sources */,
				DFEC166A2672EFB6008990FB /* HTTPURLResponse+StatusCode.swift in Sources */,
				DFEC16552672664A008990FB /* KeychainTokenStore.swift in Sources */,
				DFEC16742672F4C9008990FB /* RemoteTokenLoader.swift in Sources */,
			);
			runOnlyForDeploymentPostprocessing = 0;
		};
		DFEC162A26723F33008990FB /* Sources */ = {
			isa = PBXSourcesBuildPhase;
			buildActionMask = 2147483647;
			files = (
				DF3E982D267610E2004FA3AE /* Token+FactoryMethods.swift in Sources */,
				DFEC16422672405B008990FB /* LoginUseCaseTests.swift in Sources */,
				DFEC166326726BC5008990FB /* HTTPClientSpy.swift in Sources */,
				DFEC166C2672F0E9008990FB /* TestHelperMethods.swift in Sources */,
				DFEC166026726B16008990FB /* LoadSurveysFromRemoteUseCaseTests.swift in Sources */,
				DFEC1651267263D8008990FB /* XCTestCase+TrackingMemoryLeaks.swift in Sources */,
				DFEC16722672F443008990FB /* LoadTokenFromRemoteUseCaseTests.swift in Sources */,
				DFEC164F2672631D008990FB /* KeychainTokenStoreTests.swift in Sources */,
				DFEC16572672668D008990FB /* TestHelpers.swift in Sources */,
			);
			runOnlyForDeploymentPostprocessing = 0;
		};
/* End PBXSourcesBuildPhase section */

/* Begin PBXTargetDependency section */
		DFEC163126723F33008990FB /* PBXTargetDependency */ = {
			isa = PBXTargetDependency;
			target = DFEC162426723F33008990FB /* SurveyFramework */;
			targetProxy = DFEC163026723F33008990FB /* PBXContainerItemProxy */;
		};
/* End PBXTargetDependency section */

/* Begin XCBuildConfiguration section */
		DFEC163726723F33008990FB /* Debug */ = {
			isa = XCBuildConfiguration;
			buildSettings = {
				ALWAYS_SEARCH_USER_PATHS = NO;
				CLANG_ANALYZER_NONNULL = YES;
				CLANG_ANALYZER_NUMBER_OBJECT_CONVERSION = YES_AGGRESSIVE;
				CLANG_CXX_LANGUAGE_STANDARD = "gnu++14";
				CLANG_CXX_LIBRARY = "libc++";
				CLANG_ENABLE_MODULES = YES;
				CLANG_ENABLE_OBJC_ARC = YES;
				CLANG_ENABLE_OBJC_WEAK = YES;
				CLANG_WARN_BLOCK_CAPTURE_AUTORELEASING = YES;
				CLANG_WARN_BOOL_CONVERSION = YES;
				CLANG_WARN_COMMA = YES;
				CLANG_WARN_CONSTANT_CONVERSION = YES;
				CLANG_WARN_DEPRECATED_OBJC_IMPLEMENTATIONS = YES;
				CLANG_WARN_DIRECT_OBJC_ISA_USAGE = YES_ERROR;
				CLANG_WARN_DOCUMENTATION_COMMENTS = YES;
				CLANG_WARN_EMPTY_BODY = YES;
				CLANG_WARN_ENUM_CONVERSION = YES;
				CLANG_WARN_INFINITE_RECURSION = YES;
				CLANG_WARN_INT_CONVERSION = YES;
				CLANG_WARN_NON_LITERAL_NULL_CONVERSION = YES;
				CLANG_WARN_OBJC_IMPLICIT_RETAIN_SELF = YES;
				CLANG_WARN_OBJC_LITERAL_CONVERSION = YES;
				CLANG_WARN_OBJC_ROOT_CLASS = YES_ERROR;
				CLANG_WARN_QUOTED_INCLUDE_IN_FRAMEWORK_HEADER = YES;
				CLANG_WARN_RANGE_LOOP_ANALYSIS = YES;
				CLANG_WARN_STRICT_PROTOTYPES = YES;
				CLANG_WARN_SUSPICIOUS_MOVE = YES;
				CLANG_WARN_UNGUARDED_AVAILABILITY = YES_AGGRESSIVE;
				CLANG_WARN_UNREACHABLE_CODE = YES;
				CLANG_WARN__DUPLICATE_METHOD_MATCH = YES;
				COPY_PHASE_STRIP = NO;
				CURRENT_PROJECT_VERSION = 1;
				DEBUG_INFORMATION_FORMAT = dwarf;
				ENABLE_STRICT_OBJC_MSGSEND = YES;
				ENABLE_TESTABILITY = YES;
				GCC_C_LANGUAGE_STANDARD = gnu11;
				GCC_DYNAMIC_NO_PIC = NO;
				GCC_NO_COMMON_BLOCKS = YES;
				GCC_OPTIMIZATION_LEVEL = 0;
				GCC_PREPROCESSOR_DEFINITIONS = (
					"DEBUG=1",
					"$(inherited)",
				);
				GCC_WARN_64_TO_32_BIT_CONVERSION = YES;
				GCC_WARN_ABOUT_RETURN_TYPE = YES_ERROR;
				GCC_WARN_UNDECLARED_SELECTOR = YES;
				GCC_WARN_UNINITIALIZED_AUTOS = YES_AGGRESSIVE;
				GCC_WARN_UNUSED_FUNCTION = YES;
				GCC_WARN_UNUSED_VARIABLE = YES;
				MACOSX_DEPLOYMENT_TARGET = 11.3;
				MTL_ENABLE_DEBUG_INFO = INCLUDE_SOURCE;
				MTL_FAST_MATH = YES;
				ONLY_ACTIVE_ARCH = YES;
				SDKROOT = macosx;
				SWIFT_ACTIVE_COMPILATION_CONDITIONS = DEBUG;
				SWIFT_OPTIMIZATION_LEVEL = "-Onone";
				VERSIONING_SYSTEM = "apple-generic";
				VERSION_INFO_PREFIX = "";
			};
			name = Debug;
		};
		DFEC163826723F33008990FB /* Release */ = {
			isa = XCBuildConfiguration;
			buildSettings = {
				ALWAYS_SEARCH_USER_PATHS = NO;
				CLANG_ANALYZER_NONNULL = YES;
				CLANG_ANALYZER_NUMBER_OBJECT_CONVERSION = YES_AGGRESSIVE;
				CLANG_CXX_LANGUAGE_STANDARD = "gnu++14";
				CLANG_CXX_LIBRARY = "libc++";
				CLANG_ENABLE_MODULES = YES;
				CLANG_ENABLE_OBJC_ARC = YES;
				CLANG_ENABLE_OBJC_WEAK = YES;
				CLANG_WARN_BLOCK_CAPTURE_AUTORELEASING = YES;
				CLANG_WARN_BOOL_CONVERSION = YES;
				CLANG_WARN_COMMA = YES;
				CLANG_WARN_CONSTANT_CONVERSION = YES;
				CLANG_WARN_DEPRECATED_OBJC_IMPLEMENTATIONS = YES;
				CLANG_WARN_DIRECT_OBJC_ISA_USAGE = YES_ERROR;
				CLANG_WARN_DOCUMENTATION_COMMENTS = YES;
				CLANG_WARN_EMPTY_BODY = YES;
				CLANG_WARN_ENUM_CONVERSION = YES;
				CLANG_WARN_INFINITE_RECURSION = YES;
				CLANG_WARN_INT_CONVERSION = YES;
				CLANG_WARN_NON_LITERAL_NULL_CONVERSION = YES;
				CLANG_WARN_OBJC_IMPLICIT_RETAIN_SELF = YES;
				CLANG_WARN_OBJC_LITERAL_CONVERSION = YES;
				CLANG_WARN_OBJC_ROOT_CLASS = YES_ERROR;
				CLANG_WARN_QUOTED_INCLUDE_IN_FRAMEWORK_HEADER = YES;
				CLANG_WARN_RANGE_LOOP_ANALYSIS = YES;
				CLANG_WARN_STRICT_PROTOTYPES = YES;
				CLANG_WARN_SUSPICIOUS_MOVE = YES;
				CLANG_WARN_UNGUARDED_AVAILABILITY = YES_AGGRESSIVE;
				CLANG_WARN_UNREACHABLE_CODE = YES;
				CLANG_WARN__DUPLICATE_METHOD_MATCH = YES;
				COPY_PHASE_STRIP = NO;
				CURRENT_PROJECT_VERSION = 1;
				DEBUG_INFORMATION_FORMAT = "dwarf-with-dsym";
				ENABLE_NS_ASSERTIONS = NO;
				ENABLE_STRICT_OBJC_MSGSEND = YES;
				GCC_C_LANGUAGE_STANDARD = gnu11;
				GCC_NO_COMMON_BLOCKS = YES;
				GCC_WARN_64_TO_32_BIT_CONVERSION = YES;
				GCC_WARN_ABOUT_RETURN_TYPE = YES_ERROR;
				GCC_WARN_UNDECLARED_SELECTOR = YES;
				GCC_WARN_UNINITIALIZED_AUTOS = YES_AGGRESSIVE;
				GCC_WARN_UNUSED_FUNCTION = YES;
				GCC_WARN_UNUSED_VARIABLE = YES;
				MACOSX_DEPLOYMENT_TARGET = 11.3;
				MTL_ENABLE_DEBUG_INFO = NO;
				MTL_FAST_MATH = YES;
				SDKROOT = macosx;
				SWIFT_COMPILATION_MODE = wholemodule;
				SWIFT_OPTIMIZATION_LEVEL = "-O";
				VERSIONING_SYSTEM = "apple-generic";
				VERSION_INFO_PREFIX = "";
			};
			name = Release;
		};
		DFEC163A26723F33008990FB /* Debug */ = {
			isa = XCBuildConfiguration;
			baseConfigurationReference = 5B1457FBF92197305C333795 /* Pods-SurveyFramework.debug.xcconfig */;
			buildSettings = {
				CLANG_ENABLE_MODULES = YES;
				CODE_SIGN_STYLE = Automatic;
				COMBINE_HIDPI_IMAGES = YES;
				DEFINES_MODULE = YES;
				DYLIB_COMPATIBILITY_VERSION = 1;
				DYLIB_CURRENT_VERSION = 1;
				DYLIB_INSTALL_NAME_BASE = "@rpath";
				INFOPLIST_FILE = SurveyFramework/Info.plist;
				INSTALL_PATH = "$(LOCAL_LIBRARY_DIR)/Frameworks";
				IPHONEOS_DEPLOYMENT_TARGET = 10.0;
				LD_RUNPATH_SEARCH_PATHS = (
					"$(inherited)",
					"@executable_path/../Frameworks",
					"@loader_path/Frameworks",
				);
				PRODUCT_BUNDLE_IDENTIFIER = vn.learnwithtung.surveyframework.SurveyFramework;
				PRODUCT_NAME = "$(TARGET_NAME:c99extidentifier)";
				SKIP_INSTALL = YES;
				SUPPORTED_PLATFORMS = "macosx iphonesimulator iphoneos";
				SWIFT_OPTIMIZATION_LEVEL = "-Onone";
				SWIFT_VERSION = 5.0;
			};
			name = Debug;
		};
		DFEC163B26723F33008990FB /* Release */ = {
			isa = XCBuildConfiguration;
			baseConfigurationReference = C45FC90E3D339BD850D5D3A0 /* Pods-SurveyFramework.release.xcconfig */;
			buildSettings = {
				CLANG_ENABLE_MODULES = YES;
				CODE_SIGN_STYLE = Automatic;
				COMBINE_HIDPI_IMAGES = YES;
				DEFINES_MODULE = YES;
				DYLIB_COMPATIBILITY_VERSION = 1;
				DYLIB_CURRENT_VERSION = 1;
				DYLIB_INSTALL_NAME_BASE = "@rpath";
				INFOPLIST_FILE = SurveyFramework/Info.plist;
				INSTALL_PATH = "$(LOCAL_LIBRARY_DIR)/Frameworks";
				IPHONEOS_DEPLOYMENT_TARGET = 10.0;
				LD_RUNPATH_SEARCH_PATHS = (
					"$(inherited)",
					"@executable_path/../Frameworks",
					"@loader_path/Frameworks",
				);
				PRODUCT_BUNDLE_IDENTIFIER = vn.learnwithtung.surveyframework.SurveyFramework;
				PRODUCT_NAME = "$(TARGET_NAME:c99extidentifier)";
				SKIP_INSTALL = YES;
				SUPPORTED_PLATFORMS = "macosx iphonesimulator iphoneos";
				SWIFT_VERSION = 5.0;
			};
			name = Release;
		};
		DFEC163D26723F33008990FB /* Debug */ = {
			isa = XCBuildConfiguration;
			buildSettings = {
				ALWAYS_EMBED_SWIFT_STANDARD_LIBRARIES = YES;
				CLANG_ENABLE_MODULES = YES;
				CODE_SIGN_STYLE = Automatic;
				COMBINE_HIDPI_IMAGES = YES;
				INFOPLIST_FILE = SurveyFrameworkTests/Info.plist;
				IPHONEOS_DEPLOYMENT_TARGET = 10.0;
				LD_RUNPATH_SEARCH_PATHS = (
					"$(inherited)",
					"@executable_path/../Frameworks",
					"@loader_path/../Frameworks",
				);
				PRODUCT_BUNDLE_IDENTIFIER = vn.learnwithtung.surveyframework.SurveyFrameworkTests;
				PRODUCT_NAME = "$(TARGET_NAME)";
				SUPPORTED_PLATFORMS = "macosx iphonesimulator iphoneos";
				SWIFT_OPTIMIZATION_LEVEL = "-Onone";
				SWIFT_VERSION = 5.0;
			};
			name = Debug;
		};
		DFEC163E26723F33008990FB /* Release */ = {
			isa = XCBuildConfiguration;
			buildSettings = {
				ALWAYS_EMBED_SWIFT_STANDARD_LIBRARIES = YES;
				CLANG_ENABLE_MODULES = YES;
				CODE_SIGN_STYLE = Automatic;
				COMBINE_HIDPI_IMAGES = YES;
				INFOPLIST_FILE = SurveyFrameworkTests/Info.plist;
				IPHONEOS_DEPLOYMENT_TARGET = 10.0;
				LD_RUNPATH_SEARCH_PATHS = (
					"$(inherited)",
					"@executable_path/../Frameworks",
					"@loader_path/../Frameworks",
				);
				PRODUCT_BUNDLE_IDENTIFIER = vn.learnwithtung.surveyframework.SurveyFrameworkTests;
				PRODUCT_NAME = "$(TARGET_NAME)";
				SUPPORTED_PLATFORMS = "macosx iphonesimulator iphoneos";
				SWIFT_VERSION = 5.0;
			};
			name = Release;
		};
/* End XCBuildConfiguration section */

/* Begin XCConfigurationList section */
		DFEC161F26723F33008990FB /* Build configuration list for PBXProject "SurveyFramework" */ = {
			isa = XCConfigurationList;
			buildConfigurations = (
				DFEC163726723F33008990FB /* Debug */,
				DFEC163826723F33008990FB /* Release */,
			);
			defaultConfigurationIsVisible = 0;
			defaultConfigurationName = Release;
		};
		DFEC163926723F33008990FB /* Build configuration list for PBXNativeTarget "SurveyFramework" */ = {
			isa = XCConfigurationList;
			buildConfigurations = (
				DFEC163A26723F33008990FB /* Debug */,
				DFEC163B26723F33008990FB /* Release */,
			);
			defaultConfigurationIsVisible = 0;
			defaultConfigurationName = Release;
		};
		DFEC163C26723F33008990FB /* Build configuration list for PBXNativeTarget "SurveyFrameworkTests" */ = {
			isa = XCConfigurationList;
			buildConfigurations = (
				DFEC163D26723F33008990FB /* Debug */,
				DFEC163E26723F33008990FB /* Release */,
			);
			defaultConfigurationIsVisible = 0;
			defaultConfigurationName = Release;
		};
/* End XCConfigurationList section */
	};
	rootObject = DFEC161C26723F33008990FB /* Project object */;
}
